
Microsoft Visual Studio Solution File, Format Version 12.00
# Visual Studio Version 16
VisualStudioVersion = 16.0.32929.386
MinimumVisualStudioVersion = 10.0.40219.1
Project("{9A19103F-16F7-4668-BE54-9A1E7A4F7556}") = "labprograms", "labprograms.csproj", "{F05F9D25-5CB1-456F-AEA6-D986669C600C}"
EndProject
Project("{9A19103F-16F7-4668-BE54-9A1E7A4F7556}") = "ConsoleApp19", "..\ConsoleApp19\ConsoleApp19.csproj", "{A3049EB8-A72A-46BF-9610-A0CE64411CCE}"
EndProject
Global
	GlobalSection(SolutionConfigurationPlatforms) = preSolution
		Debug|Any CPU = Debug|Any CPU
		Release|Any CPU = Release|Any CPU
	EndGlobalSection
	GlobalSection(ProjectConfigurationPlatforms) = postSolution
		{F05F9D25-5CB1-456F-AEA6-D986669C600C}.Debug|Any CPU.ActiveCfg = Debug|Any CPU
		{F05F9D25-5CB1-456F-AEA6-D986669C600C}.Debug|Any CPU.Build.0 = Debug|Any CPU
		{F05F9D25-5CB1-456F-AEA6-D986669C600C}.Release|Any CPU.ActiveCfg = Release|Any CPU
		{F05F9D25-5CB1-456F-AEA6-D986669C600C}.Release|Any CPU.Build.0 = Release|Any CPU
		{A3049EB8-A72A-46BF-9610-A0CE64411CCE}.Debug|Any CPU.ActiveCfg = Debug|Any CPU
		{A3049EB8-A72A-46BF-9610-A0CE64411CCE}.Debug|Any CPU.Build.0 = Debug|Any CPU
		{A3049EB8-A72A-46BF-9610-A0CE64411CCE}.Release|Any CPU.ActiveCfg = Release|Any CPU
		{A3049EB8-A72A-46BF-9610-A0CE64411CCE}.Release|Any CPU.Build.0 = Release|Any CPU
	EndGlobalSection
	GlobalSection(SolutionProperties) = preSolution
		HideSolutionNode = FALSE
	EndGlobalSection
	GlobalSection(ExtensibilityGlobals) = postSolution
		SolutionGuid = {F7F2C372-4D73-491A-9DBE-08ED3F1756FE}
	EndGlobalSection
EndGlobal
